
Microsoft Visual Studio Solution File, Format Version 12.00
# Visual Studio Version 16
VisualStudioVersion = 16.0.31727.386
MinimumVisualStudioVersion = 10.0.40219.1
Project("{FAE04EC0-301F-11D3-BF4B-00C04F79EFBC}") = "Coltoi_Andrei_Lab2", "Coltoi_Andrei_Lab2.csproj", "{57C7A622-AA17-4DF9-B046-DD5374F86BFD}"
EndProject
Global
	GlobalSection(SolutionConfigurationPlatforms) = preSolution
		Debug|Any CPU = Debug|Any CPU
		Release|Any CPU = Release|Any CPU
	EndGlobalSection
	GlobalSection(ProjectConfigurationPlatforms) = postSolution
		{57C7A622-AA17-4DF9-B046-DD5374F86BFD}.Debug|Any CPU.ActiveCfg = Debug|Any CPU
		{57C7A622-AA17-4DF9-B046-DD5374F86BFD}.Debug|Any CPU.Build.0 = Debug|Any CPU
		{57C7A622-AA17-4DF9-B046-DD5374F86BFD}.Release|Any CPU.ActiveCfg = Release|Any CPU
		{57C7A622-AA17-4DF9-B046-DD5374F86BFD}.Release|Any CPU.Build.0 = Release|Any CPU
	EndGlobalSection
	GlobalSection(SolutionProperties) = preSolution
		HideSolutionNode = FALSE
	EndGlobalSection
	GlobalSection(ExtensibilityGlobals) = postSolution
		SolutionGuid = {287E1F27-A01F-4639-9B2B-62288F3F04AB}
	EndGlobalSection
EndGlobal
